
Microsoft Visual Studio Solution File, Format Version 12.00
# Visual Studio 14
VisualStudioVersion = 14.0.25420.1
MinimumVisualStudioVersion = 10.0.40219.1
Project("{8BC9CEB8-8B4A-11D0-8D11-00A0C91BC942}") = "wxf_base", "wxf_base\wxf_base.vcxproj", "{8A674851-7A7B-4A92-8892-B1F14C20FD4F}"
EndProject
Project("{8BC9CEB8-8B4A-11D0-8D11-00A0C91BC942}") = "mp_gui", "mp_gui\mp_gui.vcxproj", "{33D4230E-EE4A-4D67-8CD1-B512C50F6AFD}"
EndProject
Project("{8BC9CEB8-8B4A-11D0-8D11-00A0C91BC942}") = "mp_kuwo", "mp_kuwo\mp_kuwo.vcxproj", "{3E7FA21D-8FF6-4704-AFE8-75CDC8CD3162}"
	ProjectSection(ProjectDependencies) = postProject
		{29FFD507-FFFF-49CB-90F0-6933D5410A33} = {29FFD507-FFFF-49CB-90F0-6933D5410A33}
		{33D4230E-EE4A-4D67-8CD1-B512C50F6AFD} = {33D4230E-EE4A-4D67-8CD1-B512C50F6AFD}
		{8A674851-7A7B-4A92-8892-B1F14C20FD4F} = {8A674851-7A7B-4A92-8892-B1F14C20FD4F}
		{2AA3BAD8-9254-41DD-9B3A-3BC44EA0D16E} = {2AA3BAD8-9254-41DD-9B3A-3BC44EA0D16E}
	EndProjectSection
EndProject
Project("{8BC9CEB8-8B4A-11D0-8D11-00A0C91BC942}") = "libid3tag", "libid3tag-0.15.1b\msvc++\libid3tag.vcxproj", "{2AA3BAD8-9254-41DD-9B3A-3BC44EA0D16E}"
EndProject
Project("{8BC9CEB8-8B4A-11D0-8D11-00A0C91BC942}") = "libz", "libz-1.1.4\msvc++\libz.vcxproj", "{29FFD507-FFFF-49CB-90F0-6933D5410A33}"
EndProject
Global
	GlobalSection(SolutionConfigurationPlatforms) = preSolution
		Debug|Win32 = Debug|Win32
		Release|Win32 = Release|Win32
	EndGlobalSection
	GlobalSection(ProjectConfigurationPlatforms) = postSolution
		{8A674851-7A7B-4A92-8892-B1F14C20FD4F}.Debug|Win32.ActiveCfg = Debug|Win32
		{8A674851-7A7B-4A92-8892-B1F14C20FD4F}.Debug|Win32.Build.0 = Debug|Win32
		{8A674851-7A7B-4A92-8892-B1F14C20FD4F}.Release|Win32.ActiveCfg = Release|Win32
		{8A674851-7A7B-4A92-8892-B1F14C20FD4F}.Release|Win32.Build.0 = Release|Win32
		{33D4230E-EE4A-4D67-8CD1-B512C50F6AFD}.Debug|Win32.ActiveCfg = Debug|Win32
		{33D4230E-EE4A-4D67-8CD1-B512C50F6AFD}.Debug|Win32.Build.0 = Debug|Win32
		{33D4230E-EE4A-4D67-8CD1-B512C50F6AFD}.Release|Win32.ActiveCfg = Release|Win32
		{33D4230E-EE4A-4D67-8CD1-B512C50F6AFD}.Release|Win32.Build.0 = Release|Win32
		{3E7FA21D-8FF6-4704-AFE8-75CDC8CD3162}.Debug|Win32.ActiveCfg = Debug|Win32
		{3E7FA21D-8FF6-4704-AFE8-75CDC8CD3162}.Debug|Win32.Build.0 = Debug|Win32
		{3E7FA21D-8FF6-4704-AFE8-75CDC8CD3162}.Release|Win32.ActiveCfg = Release|Win32
		{3E7FA21D-8FF6-4704-AFE8-75CDC8CD3162}.Release|Win32.Build.0 = Release|Win32
		{2AA3BAD8-9254-41DD-9B3A-3BC44EA0D16E}.Debug|Win32.ActiveCfg = Debug|Win32
		{2AA3BAD8-9254-41DD-9B3A-3BC44EA0D16E}.Debug|Win32.Build.0 = Debug|Win32
		{2AA3BAD8-9254-41DD-9B3A-3BC44EA0D16E}.Release|Win32.ActiveCfg = Release|Win32
		{2AA3BAD8-9254-41DD-9B3A-3BC44EA0D16E}.Release|Win32.Build.0 = Release|Win32
		{29FFD507-FFFF-49CB-90F0-6933D5410A33}.Debug|Win32.ActiveCfg = Debug|Win32
		{29FFD507-FFFF-49CB-90F0-6933D5410A33}.Debug|Win32.Build.0 = Debug|Win32
		{29FFD507-FFFF-49CB-90F0-6933D5410A33}.Release|Win32.ActiveCfg = Release|Win32
		{29FFD507-FFFF-49CB-90F0-6933D5410A33}.Release|Win32.Build.0 = Release|Win32
	EndGlobalSection
	GlobalSection(SolutionProperties) = preSolution
		HideSolutionNode = FALSE
	EndGlobalSection
EndGlobal
